{
  "name": "white_analytics",
  "version": "1.0.0",
  "lockfileVersion": 1,
  "requires": true,
  "dependencies": {
    "bufferpack": {
      "version": "0.0.6",
      "resolved": "https://registry.npmjs.org/bufferpack/-/bufferpack-0.0.6.tgz",
      "integrity": "sha1-+z2HOKDh5OA7z/mfmnX57Bip1z4="
    },
    "dayjs": {
      "version": "1.8.32",
      "resolved": "https://registry.npmjs.org/dayjs/-/dayjs-1.8.32.tgz",
      "integrity": "sha512-V91aTRu5btP+uzGHaaOfodckEfBWhmi9foRP7cauAO1PTB8+tZ9o0Jec7q6TIIRY1N4q1IfiKsZunkB/AEWqMQ=="
    },
    "ip": {
      "version": "1.1.5",
      "resolved": "https://registry.npmjs.org/ip/-/ip-1.1.5.tgz",
      "integrity": "sha1-vd7XARQpCCjAoDnnLvJfWq7ENUo="
    },
    "xz-ipnet": {
      "version": "1.0.2",
      "resolved": "https://registry.npmjs.org/xz-ipnet/-/xz-ipnet-1.0.2.tgz",
      "integrity": "sha1-ZeiBXX4CtUCXw+nb3mu6gPQdLFE=",
      "requires": {
        "bufferpack": "0.0.6",
        "ip": "^1.1.2"
      }
    }
  }
}
